
Microsoft Visual Studio Solution File, Format Version 12.00
# Visual Studio Version 17
VisualStudioVersion = 17.5.33627.172
MinimumVisualStudioVersion = 10.0.40219.1
Project("{9A19103F-16F7-4668-BE54-9A1E7A4F7556}") = "DataAccess", "DataAccess\DataAccess.csproj", "{7ECF1DE5-9D73-43AE-B599-7D81B194EA2C}"
EndProject
Project("{9A19103F-16F7-4668-BE54-9A1E7A4F7556}") = "Business", "Business\Business.csproj", "{845D03DB-EC97-4D1B-977E-EA8DD53E2CF1}"
EndProject
Project("{9A19103F-16F7-4668-BE54-9A1E7A4F7556}") = "Entities", "Entities\Entities.csproj", "{EE8BFC47-AF00-4DD9-9171-81E1576996E2}"
EndProject
Project("{9A19103F-16F7-4668-BE54-9A1E7A4F7556}") = "ConsoleUI", "ConsoleUI\ConsoleUI.csproj", "{2275E6E3-7EF2-4F4C-871F-C30756B7B993}"
EndProject
Project("{FAE04EC0-301F-11D3-BF4B-00C04F79EFBC}") = "Core", "Core\Core.csproj", "{78E3D425-E038-4CE3-BC87-8F49E2DAD039}"
EndProject
Global
	GlobalSection(SolutionConfigurationPlatforms) = preSolution
		Debug|Any CPU = Debug|Any CPU
		Release|Any CPU = Release|Any CPU
	EndGlobalSection
	GlobalSection(ProjectConfigurationPlatforms) = postSolution
		{7ECF1DE5-9D73-43AE-B599-7D81B194EA2C}.Debug|Any CPU.ActiveCfg = Debug|Any CPU
		{7ECF1DE5-9D73-43AE-B599-7D81B194EA2C}.Debug|Any CPU.Build.0 = Debug|Any CPU
		{7ECF1DE5-9D73-43AE-B599-7D81B194EA2C}.Release|Any CPU.ActiveCfg = Release|Any CPU
		{7ECF1DE5-9D73-43AE-B599-7D81B194EA2C}.Release|Any CPU.Build.0 = Release|Any CPU
		{845D03DB-EC97-4D1B-977E-EA8DD53E2CF1}.Debug|Any CPU.ActiveCfg = Debug|Any CPU
		{845D03DB-EC97-4D1B-977E-EA8DD53E2CF1}.Debug|Any CPU.Build.0 = Debug|Any CPU
		{845D03DB-EC97-4D1B-977E-EA8DD53E2CF1}.Release|Any CPU.ActiveCfg = Release|Any CPU
		{845D03DB-EC97-4D1B-977E-EA8DD53E2CF1}.Release|Any CPU.Build.0 = Release|Any CPU
		{EE8BFC47-AF00-4DD9-9171-81E1576996E2}.Debug|Any CPU.ActiveCfg = Debug|Any CPU
		{EE8BFC47-AF00-4DD9-9171-81E1576996E2}.Debug|Any CPU.Build.0 = Debug|Any CPU
		{EE8BFC47-AF00-4DD9-9171-81E1576996E2}.Release|Any CPU.ActiveCfg = Release|Any CPU
		{EE8BFC47-AF00-4DD9-9171-81E1576996E2}.Release|Any CPU.Build.0 = Release|Any CPU
		{2275E6E3-7EF2-4F4C-871F-C30756B7B993}.Debug|Any CPU.ActiveCfg = Debug|Any CPU
		{2275E6E3-7EF2-4F4C-871F-C30756B7B993}.Debug|Any CPU.Build.0 = Debug|Any CPU
		{2275E6E3-7EF2-4F4C-871F-C30756B7B993}.Release|Any CPU.ActiveCfg = Release|Any CPU
		{2275E6E3-7EF2-4F4C-871F-C30756B7B993}.Release|Any CPU.Build.0 = Release|Any CPU
		{78E3D425-E038-4CE3-BC87-8F49E2DAD039}.Debug|Any CPU.ActiveCfg = Debug|Any CPU
		{78E3D425-E038-4CE3-BC87-8F49E2DAD039}.Debug|Any CPU.Build.0 = Debug|Any CPU
		{78E3D425-E038-4CE3-BC87-8F49E2DAD039}.Release|Any CPU.ActiveCfg = Release|Any CPU
		{78E3D425-E038-4CE3-BC87-8F49E2DAD039}.Release|Any CPU.Build.0 = Release|Any CPU
	EndGlobalSection
	GlobalSection(SolutionProperties) = preSolution
		HideSolutionNode = FALSE
	EndGlobalSection
	GlobalSection(ExtensibilityGlobals) = postSolution
		SolutionGuid = {F853DDCD-3E1E-43A2-9DBC-B86316CB6F5C}
	EndGlobalSection
EndGlobal
